
Microsoft Visual Studio Solution File, Format Version 12.00
# Visual Studio Version 17
VisualStudioVersion = 17.13.35919.96 d17.13
MinimumVisualStudioVersion = 10.0.40219.1
Project("{FAE04EC0-301F-11D3-BF4B-00C04F79EFBC}") = "modul6_103022300107", "modul6_103022300107\modul6_103022300107.csproj", "{6AE14706-1F30-4B36-8C67-772F0AE9CE9C}"
EndProject
Global
	GlobalSection(SolutionConfigurationPlatforms) = preSolution
		Debug|Any CPU = Debug|Any CPU
		Release|Any CPU = Release|Any CPU
	EndGlobalSection
	GlobalSection(ProjectConfigurationPlatforms) = postSolution
		{6AE14706-1F30-4B36-8C67-772F0AE9CE9C}.Debug|Any CPU.ActiveCfg = Debug|Any CPU
		{6AE14706-1F30-4B36-8C67-772F0AE9CE9C}.Debug|Any CPU.Build.0 = Debug|Any CPU
		{6AE14706-1F30-4B36-8C67-772F0AE9CE9C}.Release|Any CPU.ActiveCfg = Release|Any CPU
		{6AE14706-1F30-4B36-8C67-772F0AE9CE9C}.Release|Any CPU.Build.0 = Release|Any CPU
	EndGlobalSection
	GlobalSection(SolutionProperties) = preSolution
		HideSolutionNode = FALSE
	EndGlobalSection
	GlobalSection(ExtensibilityGlobals) = postSolution
		SolutionGuid = {48C5A4FD-13F7-4A73-946D-38A22E68443D}
	EndGlobalSection
EndGlobal
